// !$*UTF8*$!
{
	archiveVersion = 1;
	classes = {
	};
	objectVersion = 46;
	objects = {

/* Begin PBXBuildFile section */
		F90BD3C419E5BE960015B2E7 /* AppDelegate.swift in Sources */ = {isa = PBXBuildFile; fileRef = F90BD3C319E5BE960015B2E7 /* AppDelegate.swift */; };
		F90BD3C619E5BE960015B2E7 /* ViewController.swift in Sources */ = {isa = PBXBuildFile; fileRef = F90BD3C519E5BE960015B2E7 /* ViewController.swift */; };
		F90BD3C919E5BE960015B2E7 /* Main.storyboard in Resources */ = {isa = PBXBuildFile; fileRef = F90BD3C719E5BE960015B2E7 /* Main.storyboard */; };
		F90BD3CB19E5BE960015B2E7 /* Images.xcassets in Resources */ = {isa = PBXBuildFile; fileRef = F90BD3CA19E5BE960015B2E7 /* Images.xcassets */; };
		F90BD3CE19E5BE960015B2E7 /* LaunchScreen.xib in Resources */ = {isa = PBXBuildFile; fileRef = F90BD3CC19E5BE960015B2E7 /* LaunchScreen.xib */; };
		F90BD3DA19E5BE960015B2E7 /* PostcardTests.swift in Sources */ = {isa = PBXBuildFile; fileRef = F90BD3D919E5BE960015B2E7 /* PostcardTests.swift */; };
		F90BD3E419E5D3D50015B2E7 /* SagradaFamilia.jpeg in Resources */ = {isa = PBXBuildFile; fileRef = F90BD3E319E5D3D50015B2E7 /* SagradaFamilia.jpeg */; };
		F94B715C19E6F7D900E549B3 /* AlbertEinsteinStamp.jpg in Resources */ = {isa = PBXBuildFile; fileRef = F94B715B19E6F7D900E549B3 /* AlbertEinsteinStamp.jpg */; };
/* End PBXBuildFile section */

/* Begin PBXContainerItemProxy section */
		F90BD3D419E5BE960015B2E7 /* PBXContainerItemProxy */ = {
			isa = PBXContainerItemProxy;
			containerPortal = F90BD3B619E5BE960015B2E7 /* Project object */;
			proxyType = 1;
			remoteGlobalIDString = F90BD3BD19E5BE960015B2E7;
			remoteInfo = Postcard;
		};
/* End PBXContainerItemProxy section */

/* Begin PBXFileReference section */
		F90BD3BE19E5BE960015B2E7 /* Postcard.app */ = {isa = PBXFileReference; explicitFileType = wrapper.application; includeInIndex = 0; path = Postcard.app; sourceTree = BUILT_PRODUCTS_DIR; };
		F90BD3C219E5BE960015B2E7 /* Info.plist */ = {isa = PBXFileReference; lastKnownFileType = text.plist.xml; path = Info.plist; sourceTree = "<group>"; };
		F90BD3C319E5BE960015B2E7 /* AppDelegate.swift */ = {isa = PBXFileReference; lastKnownFileType = sourcecode.swift; path = AppDelegate.swift; sourceTree = "<group>"; };
		F90BD3C519E5BE960015B2E7 /* ViewController.swift */ = {isa = PBXFileReference; lastKnownFileType = sourcecode.swift; path = ViewController.swift; sourceTree = "<group>"; };
		F90BD3C819E5BE960015B2E7 /* Base */ = {isa = PBXFileReference; lastKnownFileType = file.storyboard; name = Base; path = Base.lproj/Main.storyboard; sourceTree = "<group>"; };
		F90BD3CA19E5BE960015B2E7 /* Images.xcassets */ = {isa = PBXFileReference; lastKnownFileType = folder.assetcatalog; path = Images.xcassets; sourceTree = "<group>"; };
		F90BD3CD19E5BE960015B2E7 /* Base */ = {isa = PBXFileReference; lastKnownFileType = file.xib; name = Base; path = Base.lproj/LaunchScreen.xib; sourceTree = "<group>"; };
		F90BD3D319E5BE960015B2E7 /* PostcardTests.xctest */ = {isa = PBXFileReference; explicitFileType = wrapper.cfbundle; includeInIndex = 0; path = PostcardTests.xctest; sourceTree = BUILT_PRODUCTS_DIR; };
		F90BD3D819E5BE960015B2E7 /* Info.plist */ = {isa = PBXFileReference; lastKnownFileType = text.plist.xml; path = Info.plist; sourceTree = "<group>"; };
		F90BD3D919E5BE960015B2E7 /* PostcardTests.swift */ = {isa = PBXFileReference; lastKnownFileType = sourcecode.swift; path = PostcardTests.swift; sourceTree = "<group>"; };
		F90BD3E319E5D3D50015B2E7 /* SagradaFamilia.jpeg */ = {isa = PBXFileReference; lastKnownFileType = image.jpeg; path = SagradaFamilia.jpeg; sourceTree = "<group>"; };
		F90BD3E519E6DA970015B2E7 /* de */ = {isa = PBXFileReference; lastKnownFileType = text.plist.strings; name = de; path = de.lproj/Main.strings; sourceTree = "<group>"; };
		F90BD3E619E6DA970015B2E7 /* de */ = {isa = PBXFileReference; lastKnownFileType = text.plist.strings; name = de; path = de.lproj/LaunchScreen.strings; sourceTree = "<group>"; };
		F94B715B19E6F7D900E549B3 /* AlbertEinsteinStamp.jpg */ = {isa = PBXFileReference; lastKnownFileType = image.jpeg; path = AlbertEinsteinStamp.jpg; sourceTree = "<group>"; };
/* End PBXFileReference section */

/* Begin PBXFrameworksBuildPhase section */
		F90BD3BB19E5BE960015B2E7 /* Frameworks */ = {
			isa = PBXFrameworksBuildPhase;
			buildActionMask = 2147483647;
			files = (
			);
			runOnlyForDeploymentPostprocessing = 0;
		};
		F90BD3D019E5BE960015B2E7 /* Frameworks */ = {
			isa = PBXFrameworksBuildPhase;
			buildActionMask = 2147483647;
			files = (
			);
			runOnlyForDeploymentPostprocessing = 0;
		};
/* End PBXFrameworksBuildPhase section */

/* Begin PBXGroup section */
		F90BD3B519E5BE960015B2E7 = {
			isa = PBXGroup;
			children = (
				F90BD3C019E5BE960015B2E7 /* Postcard */,
				F90BD3D619E5BE960015B2E7 /* PostcardTests */,
				F90BD3BF19E5BE960015B2E7 /* Products */,
			);
			sourceTree = "<group>";
		};
		F90BD3BF19E5BE960015B2E7 /* Products */ = {
			isa = PBXGroup;
			children = (
				F90BD3BE19E5BE960015B2E7 /* Postcard.app */,
				F90BD3D319E5BE960015B2E7 /* PostcardTests.xctest */,
			);
			name = Products;
			sourceTree = "<group>";
		};
		F90BD3C019E5BE960015B2E7 /* Postcard */ = {
			isa = PBXGroup;
			children = (
				F90BD3C319E5BE960015B2E7 /* AppDelegate.swift */,
				F90BD3C519E5BE960015B2E7 /* ViewController.swift */,
				F90BD3C719E5BE960015B2E7 /* Main.storyboard */,
				F90BD3CA19E5BE960015B2E7 /* Images.xcassets */,
				F90BD3CC19E5BE960015B2E7 /* LaunchScreen.xib */,
				F90BD3C119E5BE960015B2E7 /* Supporting Files */,
			);
			path = Postcard;
			sourceTree = "<group>";
		};
		F90BD3C119E5BE960015B2E7 /* Supporting Files */ = {
			isa = PBXGroup;
			children = (
				F94B715B19E6F7D900E549B3 /* AlbertEinsteinStamp.jpg */,
				F90BD3E319E5D3D50015B2E7 /* SagradaFamilia.jpeg */,
				F90BD3C219E5BE960015B2E7 /* Info.plist */,
			);
			name = "Supporting Files";
			sourceTree = "<group>";
		};
		F90BD3D619E5BE960015B2E7 /* PostcardTests */ = {
			isa = PBXGroup;
			children = (
				F90BD3D919E5BE960015B2E7 /* PostcardTests.swift */,
				F90BD3D719E5BE960015B2E7 /* Supporting Files */,
			);
			path = PostcardTests;
			sourceTree = "<group>";
		};
		F90BD3D719E5BE960015B2E7 /* Supporting Files */ = {
			isa = PBXGroup;
			children = (
				F90BD3D819E5BE960015B2E7 /* Info.plist */,
			);
			name = "Supporting Files";
			sourceTree = "<group>";
		};
/* End PBXGroup section */

/* Begin PBXNativeTarget section */
		F90BD3BD19E5BE960015B2E7 /* Postcard */ = {
			isa = PBXNativeTarget;
			buildConfigurationList = F90BD3DD19E5BE960015B2E7 /* Build configuration list for PBXNativeTarget "Postcard" */;
			buildPhases = (
				F90BD3BA19E5BE960015B2E7 /* Sources */,
				F90BD3BB19E5BE960015B2E7 /* Frameworks */,
				F90BD3BC19E5BE960015B2E7 /* Resources */,
			);
			buildRules = (
			);
			dependencies = (
			);
			name = Postcard;
			productName = Postcard;
			productReference = F90BD3BE19E5BE960015B2E7 /* Postcard.app */;
			productType = "com.apple.product-type.application";
		};
		F90BD3D219E5BE960015B2E7 /* PostcardTests */ = {
			isa = PBXNativeTarget;
			buildConfigurationList = F90BD3E019E5BE960015B2E7 /* Build configuration list for PBXNativeTarget "PostcardTests" */;
			buildPhases = (
				F90BD3CF19E5BE960015B2E7 /* Sources */,
				F90BD3D019E5BE960015B2E7 /* Frameworks */,
				F90BD3D119E5BE960015B2E7 /* Resources */,
			);
			buildRules = (
			);
			dependencies = (
				F90BD3D519E5BE960015B2E7 /* PBXTargetDependency */,
			);
			name = PostcardTests;
			productName = PostcardTests;
			productReference = F90BD3D319E5BE960015B2E7 /* PostcardTests.xctest */;
			productType = "com.apple.product-type.bundle.unit-test";
		};
/* End PBXNativeTarget section */

/* Begin PBXProject section */
		F90BD3B619E5BE960015B2E7 /* Project object */ = {
			isa = PBXProject;
			attributes = {
				LastUpgradeCheck = 0600;
				ORGANIZATIONNAME = "Armin Scheithauer";
				TargetAttributes = {
					F90BD3BD19E5BE960015B2E7 = {
						CreatedOnToolsVersion = 6.0.1;
					};
					F90BD3D219E5BE960015B2E7 = {
						CreatedOnToolsVersion = 6.0.1;
						TestTargetID = F90BD3BD19E5BE960015B2E7;
					};
				};
			};
			buildConfigurationList = F90BD3B919E5BE960015B2E7 /* Build configuration list for PBXProject "Postcard" */;
			compatibilityVersion = "Xcode 3.2";
			developmentRegion = English;
			hasScannedForEncodings = 0;
			knownRegions = (
				en,
				Base,
			);
			mainGroup = F90BD3B519E5BE960015B2E7;
			productRefGroup = F90BD3BF19E5BE960015B2E7 /* Products */;
			projectDirPath = "";
			projectRoot = "";
			targets = (
				F90BD3BD19E5BE960015B2E7 /* Postcard */,
				F90BD3D219E5BE960015B2E7 /* PostcardTests */,
			);
		};
/* End PBXProject section */

/* Begin PBXResourcesBuildPhase section */
		F90BD3BC19E5BE960015B2E7 /* Resources */ = {
			isa = PBXResourcesBuildPhase;
			buildActionMask = 2147483647;
			files = (
				F90BD3C919E5BE960015B2E7 /* Main.storyboard in Resources */,
				F90BD3E419E5D3D50015B2E7 /* SagradaFamilia.jpeg in Resources */,
				F94B715C19E6F7D900E549B3 /* AlbertEinsteinStamp.jpg in Resources */,
				F90BD3CE19E5BE960015B2E7 /* LaunchScreen.xib in Resources */,
				F90BD3CB19E5BE960015B2E7 /* Images.xcassets in Resources */,
			);
			runOnlyForDeploymentPostprocessing = 0;
		};
		F90BD3D119E5BE960015B2E7 /* Resources */ = {
			isa = PBXResourcesBuildPhase;
			buildActionMask = 2147483647;
			files = (
			);
			runOnlyForDeploymentPostprocessing = 0;
		};
/* End PBXResourcesBuildPhase section */

/* Begin PBXSourcesBuildPhase section */
		F90BD3BA19E5BE960015B2E7 /* Sources */ = {
			isa = PBXSourcesBuildPhase;
			buildActionMask = 2147483647;
			files = (
				F90BD3C619E5BE960015B2E7 /* ViewController.swift in Sources */,
				F90BD3C419E5BE960015B2E7 /* AppDelegate.swift in Sources */,
			);
			runOnlyForDeploymentPostprocessing = 0;
		};
		F90BD3CF19E5BE960015B2E7 /* Sources */ = {
			isa = PBXSourcesBuildPhase;
			buildActionMask = 2147483647;
			files = (
				F90BD3DA19E5BE960015B2E7 /* PostcardTests.swift in Sources */,
			);
			runOnlyForDeploymentPostprocessing = 0;
		};
/* End PBXSourcesBuildPhase section */

/* Begin PBXTargetDependency section */
		F90BD3D519E5BE960015B2E7 /* PBXTargetDependency */ = {
			isa = PBXTargetDependency;
			target = F90BD3BD19E5BE960015B2E7 /* Postcard */;
			targetProxy = F90BD3D419E5BE960015B2E7 /* PBXContainerItemProxy */;
		};
/* End PBXTargetDependency section */

/* Begin PBXVariantGroup section */
		F90BD3C719E5BE960015B2E7 /* Main.storyboard */ = {
			isa = PBXVariantGroup;
			children = (
				F90BD3C819E5BE960015B2E7 /* Base */,
				F90BD3E519E6DA970015B2E7 /* de */,
			);
			name = Main.storyboard;
			sourceTree = "<group>";
		};
		F90BD3CC19E5BE960015B2E7 /* LaunchScreen.xib */ = {
			isa = PBXVariantGroup;
			children = (
				F90BD3CD19E5BE960015B2E7 /* Base */,
				F90BD3E619E6DA970015B2E7 /* de */,
			);
			name = LaunchScreen.xib;
			sourceTree = "<group>";
		};
/* End PBXVariantGroup section */

/* Begin XCBuildConfiguration section */
		F90BD3DB19E5BE960015B2E7 /* Debug */ = {
			isa = XCBuildConfiguration;
			buildSettings = {
				ALWAYS_SEARCH_USER_PATHS = NO;
				CLANG_CXX_LANGUAGE_STANDARD = "gnu++0x";
				CLANG_CXX_LIBRARY = "libc++";
				CLANG_ENABLE_MODULES = YES;
				CLANG_ENABLE_OBJC_ARC = YES;
				CLANG_WARN_BOOL_CONVERSION = YES;
				CLANG_WARN_CONSTANT_CONVERSION = YES;
				CLANG_WARN_DIRECT_OBJC_ISA_USAGE = YES_ERROR;
				CLANG_WARN_EMPTY_BODY = YES;
				CLANG_WARN_ENUM_CONVERSION = YES;
				CLANG_WARN_INT_CONVERSION = YES;
				CLANG_WARN_OBJC_ROOT_CLASS = YES_ERROR;
				CLANG_WARN_UNREACHABLE_CODE = YES;
				CLANG_WARN__DUPLICATE_METHOD_MATCH = YES;
				"CODE_SIGN_IDENTITY[sdk=iphoneos*]" = "iPhone Developer";
				COPY_PHASE_STRIP = NO;
				ENABLE_STRICT_OBJC_MSGSEND = YES;
				GCC_C_LANGUAGE_STANDARD = gnu99;
				GCC_DYNAMIC_NO_PIC = NO;
				GCC_OPTIMIZATION_LEVEL = 0;
				GCC_PREPROCESSOR_DEFINITIONS = (
					"DEBUG=1",
					"$(inherited)",
				);
				GCC_SYMBOLS_PRIVATE_EXTERN = NO;
				GCC_WARN_64_TO_32_BIT_CONVERSION = YES;
				GCC_WARN_ABOUT_RETURN_TYPE = YES_ERROR;
				GCC_WARN_UNDECLARED_SELECTOR = YES;
				GCC_WARN_UNINITIALIZED_AUTOS = YES_AGGRESSIVE;
				GCC_WARN_UNUSED_FUNCTION = YES;
				GCC_WARN_UNUSED_VARIABLE = YES;
				IPHONEOS_DEPLOYMENT_TARGET = 8.0;
				MTL_ENABLE_DEBUG_INFO = YES;
				ONLY_ACTIVE_ARCH = YES;
				SDKROOT = iphoneos;
				SWIFT_OPTIMIZATION_LEVEL = "-Onone";
				TARGETED_DEVICE_FAMILY = "1,2";
			};
			name = Debug;
		};
		F90BD3DC19E5BE960015B2E7 /* Release */ = {
			isa = XCBuildConfiguration;
			buildSettings = {
				ALWAYS_SEARCH_USER_PATHS = NO;
				CLANG_CXX_LANGUAGE_STANDARD = "gnu++0x";
				CLANG_CXX_LIBRARY = "libc++";
				CLANG_ENABLE_MODULES = YES;
				CLANG_ENABLE_OBJC_ARC = YES;
				CLANG_WARN_BOOL_CONVERSION = YES;
				CLANG_WARN_CONSTANT_CONVERSION = YES;
				CLANG_WARN_DIRECT_OBJC_ISA_USAGE = YES_ERROR;
				CLANG_WARN_EMPTY_BODY = YES;
				CLANG_WARN_ENUM_CONVERSION = YES;
				CLANG_WARN_INT_CONVERSION = YES;
				CLANG_WARN_OBJC_ROOT_CLASS = YES_ERROR;
				CLANG_WARN_UNREACHABLE_CODE = YES;
				CLANG_WARN__DUPLICATE_METHOD_MATCH = YES;
				"CODE_SIGN_IDENTITY[sdk=iphoneos*]" = "iPhone Developer";
				COPY_PHASE_STRIP = YES;
				ENABLE_NS_ASSERTIONS = NO;
				ENABLE_STRICT_OBJC_MSGSEND = YES;
				GCC_C_LANGUAGE_STANDARD = gnu99;
				GCC_WARN_64_TO_32_BIT_CONVERSION = YES;
				GCC_WARN_ABOUT_RETURN_TYPE = YES_ERROR;
				GCC_WARN_UNDECLARED_SELECTOR = YES;
				GCC_WARN_UNINITIALIZED_AUTOS = YES_AGGRESSIVE;
				GCC_WARN_UNUSED_FUNCTION = YES;
				GCC_WARN_UNUSED_VARIABLE = YES;
				IPHONEOS_DEPLOYMENT_TARGET = 8.0;
				MTL_ENABLE_DEBUG_INFO = NO;
				SDKROOT = iphoneos;
				TARGETED_DEVICE_FAMILY = "1,2";
				VALIDATE_PRODUCT = YES;
			};
			name = Release;
		};
		F90BD3DE19E5BE960015B2E7 /* Debug */ = {
			isa = XCBuildConfiguration;
			buildSettings = {
				ASSETCATALOG_COMPILER_APPICON_NAME = AppIcon;
				INFOPLIST_FILE = Postcard/Info.plist;
				LD_RUNPATH_SEARCH_PATHS = "$(inherited) @executable_path/Frameworks";
				PRODUCT_NAME = "$(TARGET_NAME)";
			};
			name = Debug;
		};
		F90BD3DF19E5BE960015B2E7 /* Release */ = {
			isa = XCBuildConfiguration;
			buildSettings = {
				ASSETCATALOG_COMPILER_APPICON_NAME = AppIcon;
				INFOPLIST_FILE = Postcard/Info.plist;
				LD_RUNPATH_SEARCH_PATHS = "$(inherited) @executable_path/Frameworks";
				PRODUCT_NAME = "$(TARGET_NAME)";
			};
			name = Release;
		};
		F90BD3E119E5BE960015B2E7 /* Debug */ = {
			isa = XCBuildConfiguration;
			buildSettings = {
				BUNDLE_LOADER = "$(TEST_HOST)";
				FRAMEWORK_SEARCH_PATHS = (
					"$(SDKROOT)/Developer/Library/Frameworks",
					"$(inherited)",
				);
				GCC_PREPROCESSOR_DEFINITIONS = (
					"DEBUG=1",
					"$(inherited)",
				);
				INFOPLIST_FILE = PostcardTests/Info.plist;
				LD_RUNPATH_SEARCH_PATHS = "$(inherited) @executable_path/Frameworks @loader_path/Frameworks";
				PRODUCT_NAME = "$(TARGET_NAME)";
				TEST_HOST = "$(BUILT_PRODUCTS_DIR)/Postcard.app/Postcard";
			};
			name = Debug;
		};
		F90BD3E219E5BE960015B2E7 /* Release */ = {
			isa = XCBuildConfiguration;
			buildSettings = {
				BUNDLE_LOADER = "$(TEST_HOST)";
				FRAMEWORK_SEARCH_PATHS = (
					"$(SDKROOT)/Developer/Library/Frameworks",
					"$(inherited)",
				);
				INFOPLIST_FILE = PostcardTests/Info.plist;
				LD_RUNPATH_SEARCH_PATHS = "$(inherited) @executable_path/Frameworks @loader_path/Frameworks";
				PRODUCT_NAME = "$(TARGET_NAME)";
				TEST_HOST = "$(BUILT_PRODUCTS_DIR)/Postcard.app/Postcard";
			};
			name = Release;
		};
/* End XCBuildConfiguration section */

/* Begin XCConfigurationList section */
		F90BD3B919E5BE960015B2E7 /* Build configuration list for PBXProject "Postcard" */ = {
			isa = XCConfigurationList;
			buildConfigurations = (
				F90BD3DB19E5BE960015B2E7 /* Debug */,
				F90BD3DC19E5BE960015B2E7 /* Release */,
			);
			defaultConfigurationIsVisible = 0;
			defaultConfigurationName = Release;
		};
		F90BD3DD19E5BE960015B2E7 /* Build configuration list for PBXNativeTarget "Postcard" */ = {
			isa = XCConfigurationList;
			buildConfigurations = (
				F90BD3DE19E5BE960015B2E7 /* Debug */,
				F90BD3DF19E5BE960015B2E7 /* Release */,
			);
			defaultConfigurationIsVisible = 0;
			defaultConfigurationName = Release;
		};
		F90BD3E019E5BE960015B2E7 /* Build configuration list for PBXNativeTarget "PostcardTests" */ = {
			isa = XCConfigurationList;
			buildConfigurations = (
				F90BD3E119E5BE960015B2E7 /* Debug */,
				F90BD3E219E5BE960015B2E7 /* Release */,
			);
			defaultConfigurationIsVisible = 0;
			defaultConfigurationName = Release;
		};
/* End XCConfigurationList section */
	};
	rootObject = F90BD3B619E5BE960015B2E7 /* Project object */;
}
